
Microsoft Visual Studio Solution File, Format Version 12.00
# Visual Studio Version 17
VisualStudioVersion = 17.4.33110.190
MinimumVisualStudioVersion = 10.0.40219.1
Project("{FAE04EC0-301F-11D3-BF4B-00C04F79EFBC}") = "Asp.net webApi2", "Asp.net webApi2\Asp.net webApi2.csproj", "{9AE1A09C-5AB3-4CBD-9FA7-35151030A5FC}"
EndProject
Global
	GlobalSection(SolutionConfigurationPlatforms) = preSolution
		Debug|Any CPU = Debug|Any CPU
		Release|Any CPU = Release|Any CPU
	EndGlobalSection
	GlobalSection(ProjectConfigurationPlatforms) = postSolution
		{9AE1A09C-5AB3-4CBD-9FA7-35151030A5FC}.Debug|Any CPU.ActiveCfg = Debug|Any CPU
		{9AE1A09C-5AB3-4CBD-9FA7-35151030A5FC}.Debug|Any CPU.Build.0 = Debug|Any CPU
		{9AE1A09C-5AB3-4CBD-9FA7-35151030A5FC}.Release|Any CPU.ActiveCfg = Release|Any CPU
		{9AE1A09C-5AB3-4CBD-9FA7-35151030A5FC}.Release|Any CPU.Build.0 = Release|Any CPU
	EndGlobalSection
	GlobalSection(SolutionProperties) = preSolution
		HideSolutionNode = FALSE
	EndGlobalSection
	GlobalSection(ExtensibilityGlobals) = postSolution
		SolutionGuid = {E4E649F6-602F-41CD-A8AF-97AF15854EC5}
	EndGlobalSection
EndGlobal
